
Microsoft Visual Studio Solution File, Format Version 12.00
# Visual Studio Version 17
VisualStudioVersion = 17.8.34511.84
MinimumVisualStudioVersion = 10.0.40219.1
Project("{FAE04EC0-301F-11D3-BF4B-00C04F79EFBC}") = "CleanArchitecture1", "CleanArchitecture1\CleanArchitecture1.csproj", "{9C856BB2-4B4A-4B26-B440-6E1D610C74DD}"
EndProject
Global
	GlobalSection(SolutionConfigurationPlatforms) = preSolution
		Debug|Any CPU = Debug|Any CPU
		Release|Any CPU = Release|Any CPU
	EndGlobalSection
	GlobalSection(ProjectConfigurationPlatforms) = postSolution
		{9C856BB2-4B4A-4B26-B440-6E1D610C74DD}.Debug|Any CPU.ActiveCfg = Debug|Any CPU
		{9C856BB2-4B4A-4B26-B440-6E1D610C74DD}.Debug|Any CPU.Build.0 = Debug|Any CPU
		{9C856BB2-4B4A-4B26-B440-6E1D610C74DD}.Release|Any CPU.ActiveCfg = Release|Any CPU
		{9C856BB2-4B4A-4B26-B440-6E1D610C74DD}.Release|Any CPU.Build.0 = Release|Any CPU
	EndGlobalSection
	GlobalSection(SolutionProperties) = preSolution
		HideSolutionNode = FALSE
	EndGlobalSection
	GlobalSection(ExtensibilityGlobals) = postSolution
		SolutionGuid = {A1A8EF0C-A7B5-42D1-B59E-33FD247D24D3}
	EndGlobalSection
EndGlobal
